
Microsoft Visual Studio Solution File, Format Version 12.00
# Visual Studio Version 17
VisualStudioVersion = 17.10.34916.146
MinimumVisualStudioVersion = 10.0.40219.1
Project("{9A19103F-16F7-4668-BE54-9A1E7A4F7556}") = "CatalogueService", "CatalogueService\CatalogueService.csproj", "{D8317E0F-364E-451C-ACB8-147B2D408B8C}"
	ProjectSection(ProjectDependencies) = postProject
		{787C1F6C-E8E1-46EF-B44A-FDAC73605E95} = {787C1F6C-E8E1-46EF-B44A-FDAC73605E95}
	EndProjectSection
EndProject
Project("{9A19103F-16F7-4668-BE54-9A1E7A4F7556}") = "CatalogueService.DAL", "CatalogueService.DAL\CatalogueService.DAL.csproj", "{740DF6F6-C4E5-4856-9B6E-8DE9D03064CA}"
EndProject
Project("{9A19103F-16F7-4668-BE54-9A1E7A4F7556}") = "CatalogueService.BLL", "CatalogueService.BLL\CatalogueService.BLL.csproj", "{787C1F6C-E8E1-46EF-B44A-FDAC73605E95}"
	ProjectSection(ProjectDependencies) = postProject
		{740DF6F6-C4E5-4856-9B6E-8DE9D03064CA} = {740DF6F6-C4E5-4856-9B6E-8DE9D03064CA}
	EndProjectSection
EndProject
Project("{9A19103F-16F7-4668-BE54-9A1E7A4F7556}") = "MessageBus", "MessageBus\MessageBus.csproj", "{A089036E-1EDD-46B1-AED5-46F6246128D0}"
EndProject
Project("{FAE04EC0-301F-11D3-BF4B-00C04F79EFBC}") = "CatalogueService.Tests", "CatalogueService.Tests\CatalogueService.Tests.csproj", "{1B27A63D-0E6D-465D-A395-5FFC538454F6}"
EndProject
Global
	GlobalSection(SolutionConfigurationPlatforms) = preSolution
		Debug|Any CPU = Debug|Any CPU
		Release|Any CPU = Release|Any CPU
	EndGlobalSection
	GlobalSection(ProjectConfigurationPlatforms) = postSolution
		{D8317E0F-364E-451C-ACB8-147B2D408B8C}.Debug|Any CPU.ActiveCfg = Debug|Any CPU
		{D8317E0F-364E-451C-ACB8-147B2D408B8C}.Debug|Any CPU.Build.0 = Debug|Any CPU
		{D8317E0F-364E-451C-ACB8-147B2D408B8C}.Release|Any CPU.ActiveCfg = Release|Any CPU
		{D8317E0F-364E-451C-ACB8-147B2D408B8C}.Release|Any CPU.Build.0 = Release|Any CPU
		{740DF6F6-C4E5-4856-9B6E-8DE9D03064CA}.Debug|Any CPU.ActiveCfg = Debug|Any CPU
		{740DF6F6-C4E5-4856-9B6E-8DE9D03064CA}.Debug|Any CPU.Build.0 = Debug|Any CPU
		{740DF6F6-C4E5-4856-9B6E-8DE9D03064CA}.Release|Any CPU.ActiveCfg = Release|Any CPU
		{740DF6F6-C4E5-4856-9B6E-8DE9D03064CA}.Release|Any CPU.Build.0 = Release|Any CPU
		{787C1F6C-E8E1-46EF-B44A-FDAC73605E95}.Debug|Any CPU.ActiveCfg = Debug|Any CPU
		{787C1F6C-E8E1-46EF-B44A-FDAC73605E95}.Debug|Any CPU.Build.0 = Debug|Any CPU
		{787C1F6C-E8E1-46EF-B44A-FDAC73605E95}.Release|Any CPU.ActiveCfg = Release|Any CPU
		{787C1F6C-E8E1-46EF-B44A-FDAC73605E95}.Release|Any CPU.Build.0 = Release|Any CPU
		{A089036E-1EDD-46B1-AED5-46F6246128D0}.Debug|Any CPU.ActiveCfg = Debug|Any CPU
		{A089036E-1EDD-46B1-AED5-46F6246128D0}.Debug|Any CPU.Build.0 = Debug|Any CPU
		{A089036E-1EDD-46B1-AED5-46F6246128D0}.Release|Any CPU.ActiveCfg = Release|Any CPU
		{A089036E-1EDD-46B1-AED5-46F6246128D0}.Release|Any CPU.Build.0 = Release|Any CPU
		{1B27A63D-0E6D-465D-A395-5FFC538454F6}.Debug|Any CPU.ActiveCfg = Debug|Any CPU
		{1B27A63D-0E6D-465D-A395-5FFC538454F6}.Debug|Any CPU.Build.0 = Debug|Any CPU
		{1B27A63D-0E6D-465D-A395-5FFC538454F6}.Release|Any CPU.ActiveCfg = Release|Any CPU
		{1B27A63D-0E6D-465D-A395-5FFC538454F6}.Release|Any CPU.Build.0 = Release|Any CPU
	EndGlobalSection
	GlobalSection(SolutionProperties) = preSolution
		HideSolutionNode = FALSE
	EndGlobalSection
	GlobalSection(ExtensibilityGlobals) = postSolution
		SolutionGuid = {ACAFD255-6A8B-40BF-B0F6-5EDC19614168}
	EndGlobalSection
EndGlobal
