
Microsoft Visual Studio Solution File, Format Version 12.00
# Visual Studio Version 17
VisualStudioVersion = 17.10.34916.146
MinimumVisualStudioVersion = 10.0.40219.1
Project("{FAE04EC0-301F-11D3-BF4B-00C04F79EFBC}") = "NotificationService", "NotificationService\NotificationService.csproj", "{C7BF3328-0D8A-403C-BB63-9502E6C73BB6}"
EndProject
Global
	GlobalSection(SolutionConfigurationPlatforms) = preSolution
		Debug|Any CPU = Debug|Any CPU
		Release|Any CPU = Release|Any CPU
	EndGlobalSection
	GlobalSection(ProjectConfigurationPlatforms) = postSolution
		{C7BF3328-0D8A-403C-BB63-9502E6C73BB6}.Debug|Any CPU.ActiveCfg = Debug|Any CPU
		{C7BF3328-0D8A-403C-BB63-9502E6C73BB6}.Debug|Any CPU.Build.0 = Debug|Any CPU
		{C7BF3328-0D8A-403C-BB63-9502E6C73BB6}.Release|Any CPU.ActiveCfg = Release|Any CPU
		{C7BF3328-0D8A-403C-BB63-9502E6C73BB6}.Release|Any CPU.Build.0 = Release|Any CPU
	EndGlobalSection
	GlobalSection(SolutionProperties) = preSolution
		HideSolutionNode = FALSE
	EndGlobalSection
	GlobalSection(ExtensibilityGlobals) = postSolution
		SolutionGuid = {9413ECB0-16CF-4EC2-A6C3-ECEE2415E509}
	EndGlobalSection
EndGlobal
